// !$*UTF8*$!
{
	archiveVersion = 1;
	classes = {
	};
	objectVersion = 48;
	objects = {

/* Begin PBXBuildFile section */
		1A1710F9208F8DDB0046D820 /* AppDelegate.swift in Sources */ = {isa = PBXBuildFile; fileRef = 1A1710F8208F8DDB0046D820 /* AppDelegate.swift */; };
		1A1710FF208F8DDB0046D820 /* GameScene.swift in Sources */ = {isa = PBXBuildFile; fileRef = 1A1710FE208F8DDB0046D820 /* GameScene.swift */; };
		1A171101208F8DDB0046D820 /* ViewController.swift in Sources */ = {isa = PBXBuildFile; fileRef = 1A171100208F8DDB0046D820 /* ViewController.swift */; };
		1A171104208F8DDB0046D820 /* Main.storyboard in Resources */ = {isa = PBXBuildFile; fileRef = 1A171102208F8DDB0046D820 /* Main.storyboard */; };
		1A171106208F8DDB0046D820 /* Assets.xcassets in Resources */ = {isa = PBXBuildFile; fileRef = 1A171105208F8DDB0046D820 /* Assets.xcassets */; };
		401DE16F2090E31500B64933 /* SnakeGameScene.swift in Sources */ = {isa = PBXBuildFile; fileRef = 401DE16E2090E31500B64933 /* SnakeGameScene.swift */; };
		40C90E9B2092339E00537E82 /* GlobalHelpers.swift in Sources */ = {isa = PBXBuildFile; fileRef = 40C90E9A2092339E00537E82 /* GlobalHelpers.swift */; };
/* End PBXBuildFile section */

/* Begin PBXFileReference section */
		1A1710F5208F8DDB0046D820 /* SnakeTV.app */ = {isa = PBXFileReference; explicitFileType = wrapper.application; includeInIndex = 0; path = SnakeTV.app; sourceTree = BUILT_PRODUCTS_DIR; };
		1A1710F8208F8DDB0046D820 /* AppDelegate.swift */ = {isa = PBXFileReference; lastKnownFileType = sourcecode.swift; path = AppDelegate.swift; sourceTree = "<group>"; };
		1A1710FE208F8DDB0046D820 /* GameScene.swift */ = {isa = PBXFileReference; lastKnownFileType = sourcecode.swift; path = GameScene.swift; sourceTree = "<group>"; };
		1A171100208F8DDB0046D820 /* ViewController.swift */ = {isa = PBXFileReference; lastKnownFileType = sourcecode.swift; path = ViewController.swift; sourceTree = "<group>"; };
		1A171103208F8DDB0046D820 /* Base */ = {isa = PBXFileReference; lastKnownFileType = file.storyboard; name = Base; path = Base.lproj/Main.storyboard; sourceTree = "<group>"; };
		1A171105208F8DDB0046D820 /* Assets.xcassets */ = {isa = PBXFileReference; lastKnownFileType = folder.assetcatalog; path = Assets.xcassets; sourceTree = "<group>"; };
		1A171107208F8DDB0046D820 /* Info.plist */ = {isa = PBXFileReference; lastKnownFileType = text.plist.xml; path = Info.plist; sourceTree = "<group>"; };
		401DE16E2090E31500B64933 /* SnakeGameScene.swift */ = {isa = PBXFileReference; lastKnownFileType = sourcecode.swift; path = SnakeGameScene.swift; sourceTree = "<group>"; };
		40C90E9A2092339E00537E82 /* GlobalHelpers.swift */ = {isa = PBXFileReference; lastKnownFileType = sourcecode.swift; path = GlobalHelpers.swift; sourceTree = "<group>"; };
/* End PBXFileReference section */

/* Begin PBXFrameworksBuildPhase section */
		1A1710F2208F8DDB0046D820 /* Frameworks */ = {
			isa = PBXFrameworksBuildPhase;
			buildActionMask = 2147483647;
			files = (
			);
			runOnlyForDeploymentPostprocessing = 0;
		};
/* End PBXFrameworksBuildPhase section */

/* Begin PBXGroup section */
		1A1710EC208F8DDB0046D820 = {
			isa = PBXGroup;
			children = (
				1A1710F7208F8DDB0046D820 /* SnakeTV */,
				1A1710F6208F8DDB0046D820 /* Products */,
			);
			sourceTree = "<group>";
		};
		1A1710F6208F8DDB0046D820 /* Products */ = {
			isa = PBXGroup;
			children = (
				1A1710F5208F8DDB0046D820 /* SnakeTV.app */,
			);
			name = Products;
			sourceTree = "<group>";
		};
		1A1710F7208F8DDB0046D820 /* SnakeTV */ = {
			isa = PBXGroup;
			children = (
				1A1710F8208F8DDB0046D820 /* AppDelegate.swift */,
				1A1710FE208F8DDB0046D820 /* GameScene.swift */,
				401DE16E2090E31500B64933 /* SnakeGameScene.swift */,
				40C90E9A2092339E00537E82 /* GlobalHelpers.swift */,
				1A171100208F8DDB0046D820 /* ViewController.swift */,
				1A171102208F8DDB0046D820 /* Main.storyboard */,
				1A171105208F8DDB0046D820 /* Assets.xcassets */,
				1A171107208F8DDB0046D820 /* Info.plist */,
			);
			path = SnakeTV;
			sourceTree = "<group>";
		};
/* End PBXGroup section */

/* Begin PBXNativeTarget section */
		1A1710F4208F8DDB0046D820 /* SnakeTV */ = {
			isa = PBXNativeTarget;
			buildConfigurationList = 1A17110A208F8DDB0046D820 /* Build configuration list for PBXNativeTarget "SnakeTV" */;
			buildPhases = (
				1A1710F1208F8DDB0046D820 /* Sources */,
				1A1710F2208F8DDB0046D820 /* Frameworks */,
				1A1710F3208F8DDB0046D820 /* Resources */,
			);
			buildRules = (
			);
			dependencies = (
			);
			name = SnakeTV;
			productName = SnakeTV;
			productReference = 1A1710F5208F8DDB0046D820 /* SnakeTV.app */;
			productType = "com.apple.product-type.application";
		};
/* End PBXNativeTarget section */

/* Begin PBXProject section */
		1A1710ED208F8DDB0046D820 /* Project object */ = {
			isa = PBXProject;
			attributes = {
				LastSwiftUpdateCheck = 0920;
				LastUpgradeCheck = 0920;
				ORGANIZATIONNAME = "JP Flowers";
				TargetAttributes = {
					1A1710F4208F8DDB0046D820 = {
						CreatedOnToolsVersion = 9.2;
						ProvisioningStyle = Automatic;
					};
				};
			};
			buildConfigurationList = 1A1710F0208F8DDB0046D820 /* Build configuration list for PBXProject "SnakeTV" */;
			compatibilityVersion = "Xcode 8.0";
			developmentRegion = en;
			hasScannedForEncodings = 0;
			knownRegions = (
				en,
				Base,
			);
			mainGroup = 1A1710EC208F8DDB0046D820;
			productRefGroup = 1A1710F6208F8DDB0046D820 /* Products */;
			projectDirPath = "";
			projectRoot = "";
			targets = (
				1A1710F4208F8DDB0046D820 /* SnakeTV */,
			);
		};
/* End PBXProject section */

/* Begin PBXResourcesBuildPhase section */
		1A1710F3208F8DDB0046D820 /* Resources */ = {
			isa = PBXResourcesBuildPhase;
			buildActionMask = 2147483647;
			files = (
				1A171104208F8DDB0046D820 /* Main.storyboard in Resources */,
				1A171106208F8DDB0046D820 /* Assets.xcassets in Resources */,
			);
			runOnlyForDeploymentPostprocessing = 0;
		};
/* End PBXResourcesBuildPhase section */

/* Begin PBXSourcesBuildPhase section */
		1A1710F1208F8DDB0046D820 /* Sources */ = {
			isa = PBXSourcesBuildPhase;
			buildActionMask = 2147483647;
			files = (
				401DE16F2090E31500B64933 /* SnakeGameScene.swift in Sources */,
				1A1710FF208F8DDB0046D820 /* GameScene.swift in Sources */,
				40C90E9B2092339E00537E82 /* GlobalHelpers.swift in Sources */,
				1A171101208F8DDB0046D820 /* ViewController.swift in Sources */,
				1A1710F9208F8DDB0046D820 /* AppDelegate.swift in Sources */,
			);
			runOnlyForDeploymentPostprocessing = 0;
		};
/* End PBXSourcesBuildPhase section */

/* Begin PBXVariantGroup section */
		1A171102208F8DDB0046D820 /* Main.storyboard */ = {
			isa = PBXVariantGroup;
			children = (
				1A171103208F8DDB0046D820 /* Base */,
			);
			name = Main.storyboard;
			sourceTree = "<group>";
		};
/* End PBXVariantGroup section */

/* Begin XCBuildConfiguration section */
		1A171108208F8DDB0046D820 /* Debug */ = {
			isa = XCBuildConfiguration;
			buildSettings = {
				ALWAYS_SEARCH_USER_PATHS = NO;
				CLANG_ANALYZER_NONNULL = YES;
				CLANG_ANALYZER_NUMBER_OBJECT_CONVERSION = YES_AGGRESSIVE;
				CLANG_CXX_LANGUAGE_STANDARD = "gnu++14";
				CLANG_CXX_LIBRARY = "libc++";
				CLANG_ENABLE_MODULES = YES;
				CLANG_ENABLE_OBJC_ARC = YES;
				CLANG_WARN_BLOCK_CAPTURE_AUTORELEASING = YES;
				CLANG_WARN_BOOL_CONVERSION = YES;
				CLANG_WARN_COMMA = YES;
				CLANG_WARN_CONSTANT_CONVERSION = YES;
				CLANG_WARN_DIRECT_OBJC_ISA_USAGE = YES_ERROR;
				CLANG_WARN_DOCUMENTATION_COMMENTS = YES;
				CLANG_WARN_EMPTY_BODY = YES;
				CLANG_WARN_ENUM_CONVERSION = YES;
				CLANG_WARN_INFINITE_RECURSION = YES;
				CLANG_WARN_INT_CONVERSION = YES;
				CLANG_WARN_NON_LITERAL_NULL_CONVERSION = YES;
				CLANG_WARN_OBJC_LITERAL_CONVERSION = YES;
				CLANG_WARN_OBJC_ROOT_CLASS = YES_ERROR;
				CLANG_WARN_RANGE_LOOP_ANALYSIS = YES;
				CLANG_WARN_STRICT_PROTOTYPES = YES;
				CLANG_WARN_SUSPICIOUS_MOVE = YES;
				CLANG_WARN_UNGUARDED_AVAILABILITY = YES_AGGRESSIVE;
				CLANG_WARN_UNREACHABLE_CODE = YES;
				CLANG_WARN__DUPLICATE_METHOD_MATCH = YES;
				COPY_PHASE_STRIP = NO;
				DEBUG_INFORMATION_FORMAT = dwarf;
				ENABLE_STRICT_OBJC_MSGSEND = YES;
				ENABLE_TESTABILITY = YES;
				GCC_C_LANGUAGE_STANDARD = gnu11;
				GCC_DYNAMIC_NO_PIC = NO;
				GCC_NO_COMMON_BLOCKS = YES;
				GCC_OPTIMIZATION_LEVEL = 0;
				GCC_PREPROCESSOR_DEFINITIONS = (
					"DEBUG=1",
					"$(inherited)",
				);
				GCC_WARN_64_TO_32_BIT_CONVERSION = YES;
				GCC_WARN_ABOUT_RETURN_TYPE = YES_ERROR;
				GCC_WARN_UNDECLARED_SELECTOR = YES;
				GCC_WARN_UNINITIALIZED_AUTOS = YES_AGGRESSIVE;
				GCC_WARN_UNUSED_FUNCTION = YES;
				GCC_WARN_UNUSED_VARIABLE = YES;
				MTL_ENABLE_DEBUG_INFO = YES;
				ONLY_ACTIVE_ARCH = YES;
				SDKROOT = appletvos;
				SWIFT_ACTIVE_COMPILATION_CONDITIONS = DEBUG;
				SWIFT_OPTIMIZATION_LEVEL = "-Onone";
				TVOS_DEPLOYMENT_TARGET = 11.2;
			};
			name = Debug;
		};
		1A171109208F8DDB0046D820 /* Release */ = {
			isa = XCBuildConfiguration;
			buildSettings = {
				ALWAYS_SEARCH_USER_PATHS = NO;
				CLANG_ANALYZER_NONNULL = YES;
				CLANG_ANALYZER_NUMBER_OBJECT_CONVERSION = YES_AGGRESSIVE;
				CLANG_CXX_LANGUAGE_STANDARD = "gnu++14";
				CLANG_CXX_LIBRARY = "libc++";
				CLANG_ENABLE_MODULES = YES;
				CLANG_ENABLE_OBJC_ARC = YES;
				CLANG_WARN_BLOCK_CAPTURE_AUTORELEASING = YES;
				CLANG_WARN_BOOL_CONVERSION = YES;
				CLANG_WARN_COMMA = YES;
				CLANG_WARN_CONSTANT_CONVERSION = YES;
				CLANG_WARN_DIRECT_OBJC_ISA_USAGE = YES_ERROR;
				CLANG_WARN_DOCUMENTATION_COMMENTS = YES;
				CLANG_WARN_EMPTY_BODY = YES;
				CLANG_WARN_ENUM_CONVERSION = YES;
				CLANG_WARN_INFINITE_RECURSION = YES;
				CLANG_WARN_INT_CONVERSION = YES;
				CLANG_WARN_NON_LITERAL_NULL_CONVERSION = YES;
				CLANG_WARN_OBJC_LITERAL_CONVERSION = YES;
				CLANG_WARN_OBJC_ROOT_CLASS = YES_ERROR;
				CLANG_WARN_RANGE_LOOP_ANALYSIS = YES;
				CLANG_WARN_STRICT_PROTOTYPES = YES;
				CLANG_WARN_SUSPICIOUS_MOVE = YES;
				CLANG_WARN_UNGUARDED_AVAILABILITY = YES_AGGRESSIVE;
				CLANG_WARN_UNREACHABLE_CODE = YES;
				CLANG_WARN__DUPLICATE_METHOD_MATCH = YES;
				COPY_PHASE_STRIP = NO;
				DEBUG_INFORMATION_FORMAT = "dwarf-with-dsym";
				ENABLE_NS_ASSERTIONS = NO;
				ENABLE_STRICT_OBJC_MSGSEND = YES;
				GCC_C_LANGUAGE_STANDARD = gnu11;
				GCC_NO_COMMON_BLOCKS = YES;
				GCC_WARN_64_TO_32_BIT_CONVERSION = YES;
				GCC_WARN_ABOUT_RETURN_TYPE = YES_ERROR;
				GCC_WARN_UNDECLARED_SELECTOR = YES;
				GCC_WARN_UNINITIALIZED_AUTOS = YES_AGGRESSIVE;
				GCC_WARN_UNUSED_FUNCTION = YES;
				GCC_WARN_UNUSED_VARIABLE = YES;
				MTL_ENABLE_DEBUG_INFO = NO;
				SDKROOT = appletvos;
				SWIFT_OPTIMIZATION_LEVEL = "-Owholemodule";
				TVOS_DEPLOYMENT_TARGET = 11.2;
				VALIDATE_PRODUCT = YES;
			};
			name = Release;
		};
		1A17110B208F8DDB0046D820 /* Debug */ = {
			isa = XCBuildConfiguration;
			buildSettings = {
				ASSETCATALOG_COMPILER_APPICON_NAME = "App Icon & Top Shelf Image";
				ASSETCATALOG_COMPILER_LAUNCHIMAGE_NAME = LaunchImage;
				CODE_SIGN_STYLE = Automatic;
				DEVELOPMENT_TEAM = 8T38885NQ7;
				INFOPLIST_FILE = SnakeTV/Info.plist;
				LD_RUNPATH_SEARCH_PATHS = "$(inherited) @executable_path/Frameworks";
				PRODUCT_BUNDLE_IDENTIFIER = org.jhhs.618034.SnakeTV;
				PRODUCT_NAME = "$(TARGET_NAME)";
				SWIFT_VERSION = 4.0;
				TARGETED_DEVICE_FAMILY = 3;
			};
			name = Debug;
		};
		1A17110C208F8DDB0046D820 /* Release */ = {
			isa = XCBuildConfiguration;
			buildSettings = {
				ASSETCATALOG_COMPILER_APPICON_NAME = "App Icon & Top Shelf Image";
				ASSETCATALOG_COMPILER_LAUNCHIMAGE_NAME = LaunchImage;
				CODE_SIGN_STYLE = Automatic;
				DEVELOPMENT_TEAM = 8T38885NQ7;
				INFOPLIST_FILE = SnakeTV/Info.plist;
				LD_RUNPATH_SEARCH_PATHS = "$(inherited) @executable_path/Frameworks";
				PRODUCT_BUNDLE_IDENTIFIER = org.jhhs.618034.SnakeTV;
				PRODUCT_NAME = "$(TARGET_NAME)";
				SWIFT_VERSION = 4.0;
				TARGETED_DEVICE_FAMILY = 3;
			};
			name = Release;
		};
/* End XCBuildConfiguration section */

/* Begin XCConfigurationList section */
		1A1710F0208F8DDB0046D820 /* Build configuration list for PBXProject "SnakeTV" */ = {
			isa = XCConfigurationList;
			buildConfigurations = (
				1A171108208F8DDB0046D820 /* Debug */,
				1A171109208F8DDB0046D820 /* Release */,
			);
			defaultConfigurationIsVisible = 0;
			defaultConfigurationName = Release;
		};
		1A17110A208F8DDB0046D820 /* Build configuration list for PBXNativeTarget "SnakeTV" */ = {
			isa = XCConfigurationList;
			buildConfigurations = (
				1A17110B208F8DDB0046D820 /* Debug */,
				1A17110C208F8DDB0046D820 /* Release */,
			);
			defaultConfigurationIsVisible = 0;
			defaultConfigurationName = Release;
		};
/* End XCConfigurationList section */
	};
	rootObject = 1A1710ED208F8DDB0046D820 /* Project object */;
}
